
Microsoft Visual Studio Solution File, Format Version 12.00
# Visual Studio Version 17
VisualStudioVersion = 17.4.33205.214
MinimumVisualStudioVersion = 10.0.40219.1
Project("{FAE04EC0-301F-11D3-BF4B-00C04F79EFBC}") = "PotchHuisAPI", "PotchHuisAPI.csproj", "{12809E30-39BA-44BB-B0D4-2F0806F3CB26}"
EndProject
Project("{00D1A9C2-B5F0-4AF3-8072-F6C62B433612}") = "Potch_Huis", "..\Potch_Huis\Potch_Huis.sqlproj", "{BE5A783D-116A-4C59-A1E8-ACF7C3DD39B5}"
EndProject
Project("{FAE04EC0-301F-11D3-BF4B-00C04F79EFBC}") = "DataAccess", "..\DataAccess\DataAccess.csproj", "{11109CDB-F9B9-4FCC-A113-4B00DD071A94}"
EndProject
Global
	GlobalSection(SolutionConfigurationPlatforms) = preSolution
		Debug|Any CPU = Debug|Any CPU
		Release|Any CPU = Release|Any CPU
	EndGlobalSection
	GlobalSection(ProjectConfigurationPlatforms) = postSolution
		{12809E30-39BA-44BB-B0D4-2F0806F3CB26}.Debug|Any CPU.ActiveCfg = Debug|Any CPU
		{12809E30-39BA-44BB-B0D4-2F0806F3CB26}.Debug|Any CPU.Build.0 = Debug|Any CPU
		{12809E30-39BA-44BB-B0D4-2F0806F3CB26}.Release|Any CPU.ActiveCfg = Release|Any CPU
		{12809E30-39BA-44BB-B0D4-2F0806F3CB26}.Release|Any CPU.Build.0 = Release|Any CPU
		{BE5A783D-116A-4C59-A1E8-ACF7C3DD39B5}.Debug|Any CPU.ActiveCfg = Debug|Any CPU
		{BE5A783D-116A-4C59-A1E8-ACF7C3DD39B5}.Debug|Any CPU.Build.0 = Debug|Any CPU
		{BE5A783D-116A-4C59-A1E8-ACF7C3DD39B5}.Debug|Any CPU.Deploy.0 = Debug|Any CPU
		{BE5A783D-116A-4C59-A1E8-ACF7C3DD39B5}.Release|Any CPU.ActiveCfg = Release|Any CPU
		{BE5A783D-116A-4C59-A1E8-ACF7C3DD39B5}.Release|Any CPU.Build.0 = Release|Any CPU
		{BE5A783D-116A-4C59-A1E8-ACF7C3DD39B5}.Release|Any CPU.Deploy.0 = Release|Any CPU
		{11109CDB-F9B9-4FCC-A113-4B00DD071A94}.Debug|Any CPU.ActiveCfg = Debug|Any CPU
		{11109CDB-F9B9-4FCC-A113-4B00DD071A94}.Debug|Any CPU.Build.0 = Debug|Any CPU
		{11109CDB-F9B9-4FCC-A113-4B00DD071A94}.Release|Any CPU.ActiveCfg = Release|Any CPU
		{11109CDB-F9B9-4FCC-A113-4B00DD071A94}.Release|Any CPU.Build.0 = Release|Any CPU
	EndGlobalSection
	GlobalSection(SolutionProperties) = preSolution
		HideSolutionNode = FALSE
	EndGlobalSection
	GlobalSection(ExtensibilityGlobals) = postSolution
		SolutionGuid = {D4457512-4AD8-4BC2-A198-EEA69B0C802B}
	EndGlobalSection
EndGlobal
